
Microsoft Visual Studio Solution File, Format Version 12.00
# Visual Studio 15
VisualStudioVersion = 15.0.26124.0
MinimumVisualStudioVersion = 15.0.26124.0
Project("{2150E333-8FDC-42A3-9474-1A3956D46DE8}") = "src", "src", "{833ED038-F0F5-4E6E-BBC6-175409CC2D7A}"
EndProject
Project("{FAE04EC0-301F-11D3-BF4B-00C04F79EFBC}") = "EasyModelValidator", "src\EasyModelValidator\EasyModelValidator.csproj", "{F259A3D3-F328-46C9-98DA-324B8506431B}"
EndProject
Project("{2150E333-8FDC-42A3-9474-1A3956D46DE8}") = "test", "test", "{F5357A1D-E9F7-427E-84DF-726A001789A5}"
EndProject
Project("{FAE04EC0-301F-11D3-BF4B-00C04F79EFBC}") = "EasyModelValidatorTest", "test\EasyModelValidatorTest\EasyModelValidatorTest.csproj", "{65BAB0AA-B156-4523-90DE-9986E1948941}"
EndProject
Global
	GlobalSection(SolutionConfigurationPlatforms) = preSolution
		Debug|Any CPU = Debug|Any CPU
		Debug|x64 = Debug|x64
		Debug|x86 = Debug|x86
		Release|Any CPU = Release|Any CPU
		Release|x64 = Release|x64
		Release|x86 = Release|x86
	EndGlobalSection
	GlobalSection(SolutionProperties) = preSolution
		HideSolutionNode = FALSE
	EndGlobalSection
	GlobalSection(ProjectConfigurationPlatforms) = postSolution
		{F259A3D3-F328-46C9-98DA-324B8506431B}.Debug|Any CPU.ActiveCfg = Debug|Any CPU
		{F259A3D3-F328-46C9-98DA-324B8506431B}.Debug|Any CPU.Build.0 = Debug|Any CPU
		{F259A3D3-F328-46C9-98DA-324B8506431B}.Debug|x64.ActiveCfg = Debug|Any CPU
		{F259A3D3-F328-46C9-98DA-324B8506431B}.Debug|x64.Build.0 = Debug|Any CPU
		{F259A3D3-F328-46C9-98DA-324B8506431B}.Debug|x86.ActiveCfg = Debug|Any CPU
		{F259A3D3-F328-46C9-98DA-324B8506431B}.Debug|x86.Build.0 = Debug|Any CPU
		{F259A3D3-F328-46C9-98DA-324B8506431B}.Release|Any CPU.ActiveCfg = Release|Any CPU
		{F259A3D3-F328-46C9-98DA-324B8506431B}.Release|Any CPU.Build.0 = Release|Any CPU
		{F259A3D3-F328-46C9-98DA-324B8506431B}.Release|x64.ActiveCfg = Release|Any CPU
		{F259A3D3-F328-46C9-98DA-324B8506431B}.Release|x64.Build.0 = Release|Any CPU
		{F259A3D3-F328-46C9-98DA-324B8506431B}.Release|x86.ActiveCfg = Release|Any CPU
		{F259A3D3-F328-46C9-98DA-324B8506431B}.Release|x86.Build.0 = Release|Any CPU
		{65BAB0AA-B156-4523-90DE-9986E1948941}.Debug|Any CPU.ActiveCfg = Debug|Any CPU
		{65BAB0AA-B156-4523-90DE-9986E1948941}.Debug|Any CPU.Build.0 = Debug|Any CPU
		{65BAB0AA-B156-4523-90DE-9986E1948941}.Debug|x64.ActiveCfg = Debug|Any CPU
		{65BAB0AA-B156-4523-90DE-9986E1948941}.Debug|x64.Build.0 = Debug|Any CPU
		{65BAB0AA-B156-4523-90DE-9986E1948941}.Debug|x86.ActiveCfg = Debug|Any CPU
		{65BAB0AA-B156-4523-90DE-9986E1948941}.Debug|x86.Build.0 = Debug|Any CPU
		{65BAB0AA-B156-4523-90DE-9986E1948941}.Release|Any CPU.ActiveCfg = Release|Any CPU
		{65BAB0AA-B156-4523-90DE-9986E1948941}.Release|Any CPU.Build.0 = Release|Any CPU
		{65BAB0AA-B156-4523-90DE-9986E1948941}.Release|x64.ActiveCfg = Release|Any CPU
		{65BAB0AA-B156-4523-90DE-9986E1948941}.Release|x64.Build.0 = Release|Any CPU
		{65BAB0AA-B156-4523-90DE-9986E1948941}.Release|x86.ActiveCfg = Release|Any CPU
		{65BAB0AA-B156-4523-90DE-9986E1948941}.Release|x86.Build.0 = Release|Any CPU
	EndGlobalSection
	GlobalSection(NestedProjects) = preSolution
		{F259A3D3-F328-46C9-98DA-324B8506431B} = {833ED038-F0F5-4E6E-BBC6-175409CC2D7A}
		{65BAB0AA-B156-4523-90DE-9986E1948941} = {F5357A1D-E9F7-427E-84DF-726A001789A5}
	EndGlobalSection
EndGlobal
